// !$*UTF8*$!
{
	archiveVersion = 1;
	classes = {
	};
	objectVersion = 50;
	objects = {

/* Begin PBXBuildFile section */
		3B773B1126C8DF80008123DC /* Tests_iOS.swift in Sources */ = {isa = PBXBuildFile; fileRef = 3B773B1026C8DF80008123DC /* Tests_iOS.swift */; };
		3B773B1C26C8DF80008123DC /* Tests_macOS.swift in Sources */ = {isa = PBXBuildFile; fileRef = 3B773B1B26C8DF80008123DC /* Tests_macOS.swift */; };
		3B773B1E26C8DF80008123DC /* macOSApp.swift in Sources */ = {isa = PBXBuildFile; fileRef = 3B773AF526C8DF7E008123DC /* macOSApp.swift */; };
		3B773B1F26C8DF80008123DC /* macOSApp.swift in Sources */ = {isa = PBXBuildFile; fileRef = 3B773AF526C8DF7E008123DC /* macOSApp.swift */; };
		3B773B2026C8DF80008123DC /* ContentView.swift in Sources */ = {isa = PBXBuildFile; fileRef = 3B773AF626C8DF7E008123DC /* ContentView.swift */; };
		3B773B2126C8DF80008123DC /* ContentView.swift in Sources */ = {isa = PBXBuildFile; fileRef = 3B773AF626C8DF7E008123DC /* ContentView.swift */; };
		3B773B2226C8DF80008123DC /* Assets.xcassets in Resources */ = {isa = PBXBuildFile; fileRef = 3B773AF726C8DF7F008123DC /* Assets.xcassets */; };
		3B773B2326C8DF80008123DC /* Assets.xcassets in Resources */ = {isa = PBXBuildFile; fileRef = 3B773AF726C8DF7F008123DC /* Assets.xcassets */; };
		A8D77B5FB4CC2796C205CCE5 /* Pods_macOS__macOS_.framework in Frameworks */ = {isa = PBXBuildFile; fileRef = F33B47CA8A29ADCBD3710DDB /* Pods_macOS__macOS_.framework */; };
/* End PBXBuildFile section */

/* Begin PBXContainerItemProxy section */
		3B773B0D26C8DF80008123DC /* PBXContainerItemProxy */ = {
			isa = PBXContainerItemProxy;
			containerPortal = 3B773AF026C8DF7E008123DC /* Project object */;
			proxyType = 1;
			remoteGlobalIDString = 3B773AFB26C8DF7F008123DC;
			remoteInfo = "macOS (iOS)";
		};
		3B773B1826C8DF80008123DC /* PBXContainerItemProxy */ = {
			isa = PBXContainerItemProxy;
			containerPortal = 3B773AF026C8DF7E008123DC /* Project object */;
			proxyType = 1;
			remoteGlobalIDString = 3B773B0326C8DF7F008123DC;
			remoteInfo = "macOS (macOS)";
		};
/* End PBXContainerItemProxy section */

/* Begin PBXFileReference section */
		05AAF53D4B4534B405B50C00 /* Pods-macOS (macOS).debug.xcconfig */ = {isa = PBXFileReference; includeInIndex = 1; lastKnownFileType = text.xcconfig; name = "Pods-macOS (macOS).debug.xcconfig"; path = "Target Support Files/Pods-macOS (macOS)/Pods-macOS (macOS).debug.xcconfig"; sourceTree = "<group>"; };
		3B773AF526C8DF7E008123DC /* macOSApp.swift */ = {isa = PBXFileReference; lastKnownFileType = sourcecode.swift; path = macOSApp.swift; sourceTree = "<group>"; };
		3B773AF626C8DF7E008123DC /* ContentView.swift */ = {isa = PBXFileReference; lastKnownFileType = sourcecode.swift; path = ContentView.swift; sourceTree = "<group>"; };
		3B773AF726C8DF7F008123DC /* Assets.xcassets */ = {isa = PBXFileReference; lastKnownFileType = folder.assetcatalog; path = Assets.xcassets; sourceTree = "<group>"; };
		3B773AFC26C8DF7F008123DC /* macOS.app */ = {isa = PBXFileReference; explicitFileType = wrapper.application; includeInIndex = 0; path = macOS.app; sourceTree = BUILT_PRODUCTS_DIR; };
		3B773AFF26C8DF7F008123DC /* Info.plist */ = {isa = PBXFileReference; lastKnownFileType = text.plist.xml; path = Info.plist; sourceTree = "<group>"; };
		3B773B0426C8DF7F008123DC /* macOS.app */ = {isa = PBXFileReference; explicitFileType = wrapper.application; includeInIndex = 0; path = macOS.app; sourceTree = BUILT_PRODUCTS_DIR; };
		3B773B0626C8DF7F008123DC /* Info.plist */ = {isa = PBXFileReference; lastKnownFileType = text.plist.xml; path = Info.plist; sourceTree = "<group>"; };
		3B773B0726C8DF80008123DC /* macOS.entitlements */ = {isa = PBXFileReference; lastKnownFileType = text.plist.entitlements; path = macOS.entitlements; sourceTree = "<group>"; };
		3B773B0C26C8DF80008123DC /* Tests iOS.xctest */ = {isa = PBXFileReference; explicitFileType = wrapper.cfbundle; includeInIndex = 0; path = "Tests iOS.xctest"; sourceTree = BUILT_PRODUCTS_DIR; };
		3B773B1026C8DF80008123DC /* Tests_iOS.swift */ = {isa = PBXFileReference; lastKnownFileType = sourcecode.swift; path = Tests_iOS.swift; sourceTree = "<group>"; };
		3B773B1226C8DF80008123DC /* Info.plist */ = {isa = PBXFileReference; lastKnownFileType = text.plist.xml; path = Info.plist; sourceTree = "<group>"; };
		3B773B1726C8DF80008123DC /* Tests macOS.xctest */ = {isa = PBXFileReference; explicitFileType = wrapper.cfbundle; includeInIndex = 0; path = "Tests macOS.xctest"; sourceTree = BUILT_PRODUCTS_DIR; };
		3B773B1B26C8DF80008123DC /* Tests_macOS.swift */ = {isa = PBXFileReference; lastKnownFileType = sourcecode.swift; path = Tests_macOS.swift; sourceTree = "<group>"; };
		3B773B1D26C8DF80008123DC /* Info.plist */ = {isa = PBXFileReference; lastKnownFileType = text.plist.xml; path = Info.plist; sourceTree = "<group>"; };
		D10652CC9753C8B4B72C2429 /* Pods-macOS (macOS).release.xcconfig */ = {isa = PBXFileReference; includeInIndex = 1; lastKnownFileType = text.xcconfig; name = "Pods-macOS (macOS).release.xcconfig"; path = "Target Support Files/Pods-macOS (macOS)/Pods-macOS (macOS).release.xcconfig"; sourceTree = "<group>"; };
		F33B47CA8A29ADCBD3710DDB /* Pods_macOS__macOS_.framework */ = {isa = PBXFileReference; explicitFileType = wrapper.framework; includeInIndex = 0; path = Pods_macOS__macOS_.framework; sourceTree = BUILT_PRODUCTS_DIR; };
/* End PBXFileReference section */

/* Begin PBXFrameworksBuildPhase section */
		3B773AF926C8DF7F008123DC /* Frameworks */ = {
			isa = PBXFrameworksBuildPhase;
			buildActionMask = 2147483647;
			files = (
			);
			runOnlyForDeploymentPostprocessing = 0;
		};
		3B773B0126C8DF7F008123DC /* Frameworks */ = {
			isa = PBXFrameworksBuildPhase;
			buildActionMask = 2147483647;
			files = (
				A8D77B5FB4CC2796C205CCE5 /* Pods_macOS__macOS_.framework in Frameworks */,
			);
			runOnlyForDeploymentPostprocessing = 0;
		};
		3B773B0926C8DF80008123DC /* Frameworks */ = {
			isa = PBXFrameworksBuildPhase;
			buildActionMask = 2147483647;
			files = (
			);
			runOnlyForDeploymentPostprocessing = 0;
		};
		3B773B1426C8DF80008123DC /* Frameworks */ = {
			isa = PBXFrameworksBuildPhase;
			buildActionMask = 2147483647;
			files = (
			);
			runOnlyForDeploymentPostprocessing = 0;
		};
/* End PBXFrameworksBuildPhase section */

/* Begin PBXGroup section */
		36D1861B74BDC2E58FF7D139 /* Pods */ = {
			isa = PBXGroup;
			children = (
				05AAF53D4B4534B405B50C00 /* Pods-macOS (macOS).debug.xcconfig */,
				D10652CC9753C8B4B72C2429 /* Pods-macOS (macOS).release.xcconfig */,
			);
			path = Pods;
			sourceTree = "<group>";
		};
		3B773AEF26C8DF7E008123DC = {
			isa = PBXGroup;
			children = (
				3B773AF426C8DF7E008123DC /* Shared */,
				3B773AFE26C8DF7F008123DC /* iOS */,
				3B773B0526C8DF7F008123DC /* macOS */,
				3B773B0F26C8DF80008123DC /* Tests iOS */,
				3B773B1A26C8DF80008123DC /* Tests macOS */,
				3B773AFD26C8DF7F008123DC /* Products */,
				36D1861B74BDC2E58FF7D139 /* Pods */,
				ECD003D332C404557D385849 /* Frameworks */,
			);
			sourceTree = "<group>";
		};
		3B773AF426C8DF7E008123DC /* Shared */ = {
			isa = PBXGroup;
			children = (
				3B773AF526C8DF7E008123DC /* macOSApp.swift */,
				3B773AF626C8DF7E008123DC /* ContentView.swift */,
				3B773AF726C8DF7F008123DC /* Assets.xcassets */,
			);
			path = Shared;
			sourceTree = "<group>";
		};
		3B773AFD26C8DF7F008123DC /* Products */ = {
			isa = PBXGroup;
			children = (
				3B773AFC26C8DF7F008123DC /* macOS.app */,
				3B773B0426C8DF7F008123DC /* macOS.app */,
				3B773B0C26C8DF80008123DC /* Tests iOS.xctest */,
				3B773B1726C8DF80008123DC /* Tests macOS.xctest */,
			);
			name = Products;
			sourceTree = "<group>";
		};
		3B773AFE26C8DF7F008123DC /* iOS */ = {
			isa = PBXGroup;
			children = (
				3B773AFF26C8DF7F008123DC /* Info.plist */,
			);
			path = iOS;
			sourceTree = "<group>";
		};
		3B773B0526C8DF7F008123DC /* macOS */ = {
			isa = PBXGroup;
			children = (
				3B773B0626C8DF7F008123DC /* Info.plist */,
				3B773B0726C8DF80008123DC /* macOS.entitlements */,
			);
			path = macOS;
			sourceTree = "<group>";
		};
		3B773B0F26C8DF80008123DC /* Tests iOS */ = {
			isa = PBXGroup;
			children = (
				3B773B1026C8DF80008123DC /* Tests_iOS.swift */,
				3B773B1226C8DF80008123DC /* Info.plist */,
			);
			path = "Tests iOS";
			sourceTree = "<group>";
		};
		3B773B1A26C8DF80008123DC /* Tests macOS */ = {
			isa = PBXGroup;
			children = (
				3B773B1B26C8DF80008123DC /* Tests_macOS.swift */,
				3B773B1D26C8DF80008123DC /* Info.plist */,
			);
			path = "Tests macOS";
			sourceTree = "<group>";
		};
		ECD003D332C404557D385849 /* Frameworks */ = {
			isa = PBXGroup;
			children = (
				F33B47CA8A29ADCBD3710DDB /* Pods_macOS__macOS_.framework */,
			);
			name = Frameworks;
			sourceTree = "<group>";
		};
/* End PBXGroup section */

/* Begin PBXNativeTarget section */
		3B773AFB26C8DF7F008123DC /* macOS (iOS) */ = {
			isa = PBXNativeTarget;
			buildConfigurationList = 3B773B2626C8DF80008123DC /* Build configuration list for PBXNativeTarget "macOS (iOS)" */;
			buildPhases = (
				3B773AF826C8DF7F008123DC /* Sources */,
				3B773AF926C8DF7F008123DC /* Frameworks */,
				3B773AFA26C8DF7F008123DC /* Resources */,
			);
			buildRules = (
			);
			dependencies = (
			);
			name = "macOS (iOS)";
			productName = "macOS (iOS)";
			productReference = 3B773AFC26C8DF7F008123DC /* macOS.app */;
			productType = "com.apple.product-type.application";
		};
		3B773B0326C8DF7F008123DC /* macOS (macOS) */ = {
			isa = PBXNativeTarget;
			buildConfigurationList = 3B773B2926C8DF80008123DC /* Build configuration list for PBXNativeTarget "macOS (macOS)" */;
			buildPhases = (
				20BF56BC11CE65063CDEB732 /* [CP] Check Pods Manifest.lock */,
				3B773B0026C8DF7F008123DC /* Sources */,
				3B773B0126C8DF7F008123DC /* Frameworks */,
				3B773B0226C8DF7F008123DC /* Resources */,
			);
			buildRules = (
			);
			dependencies = (
			);
			name = "macOS (macOS)";
			productName = "macOS (macOS)";
			productReference = 3B773B0426C8DF7F008123DC /* macOS.app */;
			productType = "com.apple.product-type.application";
		};
		3B773B0B26C8DF80008123DC /* Tests iOS */ = {
			isa = PBXNativeTarget;
			buildConfigurationList = 3B773B2C26C8DF80008123DC /* Build configuration list for PBXNativeTarget "Tests iOS" */;
			buildPhases = (
				3B773B0826C8DF80008123DC /* Sources */,
				3B773B0926C8DF80008123DC /* Frameworks */,
				3B773B0A26C8DF80008123DC /* Resources */,
			);
			buildRules = (
			);
			dependencies = (
				3B773B0E26C8DF80008123DC /* PBXTargetDependency */,
			);
			name = "Tests iOS";
			productName = "Tests iOS";
			productReference = 3B773B0C26C8DF80008123DC /* Tests iOS.xctest */;
			productType = "com.apple.product-type.bundle.ui-testing";
		};
		3B773B1626C8DF80008123DC /* Tests macOS */ = {
			isa = PBXNativeTarget;
			buildConfigurationList = 3B773B2F26C8DF80008123DC /* Build configuration list for PBXNativeTarget "Tests macOS" */;
			buildPhases = (
				3B773B1326C8DF80008123DC /* Sources */,
				3B773B1426C8DF80008123DC /* Frameworks */,
				3B773B1526C8DF80008123DC /* Resources */,
			);
			buildRules = (
			);
			dependencies = (
				3B773B1926C8DF80008123DC /* PBXTargetDependency */,
			);
			name = "Tests macOS";
			productName = "Tests macOS";
			productReference = 3B773B1726C8DF80008123DC /* Tests macOS.xctest */;
			productType = "com.apple.product-type.bundle.ui-testing";
		};
/* End PBXNativeTarget section */

/* Begin PBXProject section */
		3B773AF026C8DF7E008123DC /* Project object */ = {
			isa = PBXProject;
			attributes = {
				LastSwiftUpdateCheck = 1220;
				LastUpgradeCheck = 1220;
				TargetAttributes = {
					3B773AFB26C8DF7F008123DC = {
						CreatedOnToolsVersion = 12.2;
					};
					3B773B0326C8DF7F008123DC = {
						CreatedOnToolsVersion = 12.2;
					};
					3B773B0B26C8DF80008123DC = {
						CreatedOnToolsVersion = 12.2;
						TestTargetID = 3B773AFB26C8DF7F008123DC;
					};
					3B773B1626C8DF80008123DC = {
						CreatedOnToolsVersion = 12.2;
						TestTargetID = 3B773B0326C8DF7F008123DC;
					};
				};
			};
			buildConfigurationList = 3B773AF326C8DF7E008123DC /* Build configuration list for PBXProject "macOS" */;
			compatibilityVersion = "Xcode 9.3";
			developmentRegion = en;
			hasScannedForEncodings = 0;
			knownRegions = (
				en,
				Base,
			);
			mainGroup = 3B773AEF26C8DF7E008123DC;
			productRefGroup = 3B773AFD26C8DF7F008123DC /* Products */;
			projectDirPath = "";
			projectRoot = "";
			targets = (
				3B773AFB26C8DF7F008123DC /* macOS (iOS) */,
				3B773B0326C8DF7F008123DC /* macOS (macOS) */,
				3B773B0B26C8DF80008123DC /* Tests iOS */,
				3B773B1626C8DF80008123DC /* Tests macOS */,
			);
		};
/* End PBXProject section */

/* Begin PBXResourcesBuildPhase section */
		3B773AFA26C8DF7F008123DC /* Resources */ = {
			isa = PBXResourcesBuildPhase;
			buildActionMask = 2147483647;
			files = (
				3B773B2226C8DF80008123DC /* Assets.xcassets in Resources */,
			);
			runOnlyForDeploymentPostprocessing = 0;
		};
		3B773B0226C8DF7F008123DC /* Resources */ = {
			isa = PBXResourcesBuildPhase;
			buildActionMask = 2147483647;
			files = (
				3B773B2326C8DF80008123DC /* Assets.xcassets in Resources */,
			);
			runOnlyForDeploymentPostprocessing = 0;
		};
		3B773B0A26C8DF80008123DC /* Resources */ = {
			isa = PBXResourcesBuildPhase;
			buildActionMask = 2147483647;
			files = (
			);
			runOnlyForDeploymentPostprocessing = 0;
		};
		3B773B1526C8DF80008123DC /* Resources */ = {
			isa = PBXResourcesBuildPhase;
			buildActionMask = 2147483647;
			files = (
			);
			runOnlyForDeploymentPostprocessing = 0;
		};
/* End PBXResourcesBuildPhase section */

/* Begin PBXShellScriptBuildPhase section */
		20BF56BC11CE65063CDEB732 /* [CP] Check Pods Manifest.lock */ = {
			isa = PBXShellScriptBuildPhase;
			buildActionMask = 2147483647;
			files = (
			);
			inputFileListPaths = (
			);
			inputPaths = (
				"${PODS_PODFILE_DIR_PATH}/Podfile.lock",
				"${PODS_ROOT}/Manifest.lock",
			);
			name = "[CP] Check Pods Manifest.lock";
			outputFileListPaths = (
			);
			outputPaths = (
				"$(DERIVED_FILE_DIR)/Pods-macOS (macOS)-checkManifestLockResult.txt",
			);
			runOnlyForDeploymentPostprocessing = 0;
			shellPath = /bin/sh;
			shellScript = "diff \"${PODS_PODFILE_DIR_PATH}/Podfile.lock\" \"${PODS_ROOT}/Manifest.lock\" > /dev/null\nif [ $? != 0 ] ; then\n    # print error to STDERR\n    echo \"error: The sandbox is not in sync with the Podfile.lock. Run 'pod install' or update your CocoaPods installation.\" >&2\n    exit 1\nfi\n# This output is used by Xcode 'outputs' to avoid re-running this script phase.\necho \"SUCCESS\" > \"${SCRIPT_OUTPUT_FILE_0}\"\n";
			showEnvVarsInLog = 0;
		};
/* End PBXShellScriptBuildPhase section */

/* Begin PBXSourcesBuildPhase section */
		3B773AF826C8DF7F008123DC /* Sources */ = {
			isa = PBXSourcesBuildPhase;
			buildActionMask = 2147483647;
			files = (
				3B773B2026C8DF80008123DC /* ContentView.swift in Sources */,
				3B773B1E26C8DF80008123DC /* macOSApp.swift in Sources */,
			);
			runOnlyForDeploymentPostprocessing = 0;
		};
		3B773B0026C8DF7F008123DC /* Sources */ = {
			isa = PBXSourcesBuildPhase;
			buildActionMask = 2147483647;
			files = (
				3B773B2126C8DF80008123DC /* ContentView.swift in Sources */,
				3B773B1F26C8DF80008123DC /* macOSApp.swift in Sources */,
			);
			runOnlyForDeploymentPostprocessing = 0;
		};
		3B773B0826C8DF80008123DC /* Sources */ = {
			isa = PBXSourcesBuildPhase;
			buildActionMask = 2147483647;
			files = (
				3B773B1126C8DF80008123DC /* Tests_iOS.swift in Sources */,
			);
			runOnlyForDeploymentPostprocessing = 0;
		};
		3B773B1326C8DF80008123DC /* Sources */ = {
			isa = PBXSourcesBuildPhase;
			buildActionMask = 2147483647;
			files = (
				3B773B1C26C8DF80008123DC /* Tests_macOS.swift in Sources */,
			);
			runOnlyForDeploymentPostprocessing = 0;
		};
/* End PBXSourcesBuildPhase section */

/* Begin PBXTargetDependency section */
		3B773B0E26C8DF80008123DC /* PBXTargetDependency */ = {
			isa = PBXTargetDependency;
			target = 3B773AFB26C8DF7F008123DC /* macOS (iOS) */;
			targetProxy = 3B773B0D26C8DF80008123DC /* PBXContainerItemProxy */;
		};
		3B773B1926C8DF80008123DC /* PBXTargetDependency */ = {
			isa = PBXTargetDependency;
			target = 3B773B0326C8DF7F008123DC /* macOS (macOS) */;
			targetProxy = 3B773B1826C8DF80008123DC /* PBXContainerItemProxy */;
		};
/* End PBXTargetDependency section */

/* Begin XCBuildConfiguration section */
		3B773B2426C8DF80008123DC /* Debug */ = {
			isa = XCBuildConfiguration;
			buildSettings = {
				ALWAYS_SEARCH_USER_PATHS = NO;
				CLANG_ANALYZER_NONNULL = YES;
				CLANG_ANALYZER_NUMBER_OBJECT_CONVERSION = YES_AGGRESSIVE;
				CLANG_CXX_LANGUAGE_STANDARD = "gnu++14";
				CLANG_CXX_LIBRARY = "libc++";
				CLANG_ENABLE_MODULES = YES;
				CLANG_ENABLE_OBJC_ARC = YES;
				CLANG_ENABLE_OBJC_WEAK = YES;
				CLANG_WARN_BLOCK_CAPTURE_AUTORELEASING = YES;
				CLANG_WARN_BOOL_CONVERSION = YES;
				CLANG_WARN_COMMA = YES;
				CLANG_WARN_CONSTANT_CONVERSION = YES;
				CLANG_WARN_DEPRECATED_OBJC_IMPLEMENTATIONS = YES;
				CLANG_WARN_DIRECT_OBJC_ISA_USAGE = YES_ERROR;
				CLANG_WARN_DOCUMENTATION_COMMENTS = YES;
				CLANG_WARN_EMPTY_BODY = YES;
				CLANG_WARN_ENUM_CONVERSION = YES;
				CLANG_WARN_INFINITE_RECURSION = YES;
				CLANG_WARN_INT_CONVERSION = YES;
				CLANG_WARN_NON_LITERAL_NULL_CONVERSION = YES;
				CLANG_WARN_OBJC_IMPLICIT_RETAIN_SELF = YES;
				CLANG_WARN_OBJC_LITERAL_CONVERSION = YES;
				CLANG_WARN_OBJC_ROOT_CLASS = YES_ERROR;
				CLANG_WARN_QUOTED_INCLUDE_IN_FRAMEWORK_HEADER = YES;
				CLANG_WARN_RANGE_LOOP_ANALYSIS = YES;
				CLANG_WARN_STRICT_PROTOTYPES = YES;
				CLANG_WARN_SUSPICIOUS_MOVE = YES;
				CLANG_WARN_UNGUARDED_AVAILABILITY = YES_AGGRESSIVE;
				CLANG_WARN_UNREACHABLE_CODE = YES;
				CLANG_WARN__DUPLICATE_METHOD_MATCH = YES;
				COPY_PHASE_STRIP = NO;
				DEBUG_INFORMATION_FORMAT = dwarf;
				ENABLE_STRICT_OBJC_MSGSEND = YES;
				ENABLE_TESTABILITY = YES;
				GCC_C_LANGUAGE_STANDARD = gnu11;
				GCC_DYNAMIC_NO_PIC = NO;
				GCC_NO_COMMON_BLOCKS = YES;
				GCC_OPTIMIZATION_LEVEL = 0;
				GCC_PREPROCESSOR_DEFINITIONS = (
					"DEBUG=1",
					"$(inherited)",
				);
				GCC_WARN_64_TO_32_BIT_CONVERSION = YES;
				GCC_WARN_ABOUT_RETURN_TYPE = YES_ERROR;
				GCC_WARN_UNDECLARED_SELECTOR = YES;
				GCC_WARN_UNINITIALIZED_AUTOS = YES_AGGRESSIVE;
				GCC_WARN_UNUSED_FUNCTION = YES;
				GCC_WARN_UNUSED_VARIABLE = YES;
				MTL_ENABLE_DEBUG_INFO = INCLUDE_SOURCE;
				MTL_FAST_MATH = YES;
				ONLY_ACTIVE_ARCH = YES;
				SWIFT_ACTIVE_COMPILATION_CONDITIONS = DEBUG;
				SWIFT_OPTIMIZATION_LEVEL = "-Onone";
			};
			name = Debug;
		};
		3B773B2526C8DF80008123DC /* Release */ = {
			isa = XCBuildConfiguration;
			buildSettings = {
				ALWAYS_SEARCH_USER_PATHS = NO;
				CLANG_ANALYZER_NONNULL = YES;
				CLANG_ANALYZER_NUMBER_OBJECT_CONVERSION = YES_AGGRESSIVE;
				CLANG_CXX_LANGUAGE_STANDARD = "gnu++14";
				CLANG_CXX_LIBRARY = "libc++";
				CLANG_ENABLE_MODULES = YES;
				CLANG_ENABLE_OBJC_ARC = YES;
				CLANG_ENABLE_OBJC_WEAK = YES;
				CLANG_WARN_BLOCK_CAPTURE_AUTORELEASING = YES;
				CLANG_WARN_BOOL_CONVERSION = YES;
				CLANG_WARN_COMMA = YES;
				CLANG_WARN_CONSTANT_CONVERSION = YES;
				CLANG_WARN_DEPRECATED_OBJC_IMPLEMENTATIONS = YES;
				CLANG_WARN_DIRECT_OBJC_ISA_USAGE = YES_ERROR;
				CLANG_WARN_DOCUMENTATION_COMMENTS = YES;
				CLANG_WARN_EMPTY_BODY = YES;
				CLANG_WARN_ENUM_CONVERSION = YES;
				CLANG_WARN_INFINITE_RECURSION = YES;
				CLANG_WARN_INT_CONVERSION = YES;
				CLANG_WARN_NON_LITERAL_NULL_CONVERSION = YES;
				CLANG_WARN_OBJC_IMPLICIT_RETAIN_SELF = YES;
				CLANG_WARN_OBJC_LITERAL_CONVERSION = YES;
				CLANG_WARN_OBJC_ROOT_CLASS = YES_ERROR;
				CLANG_WARN_QUOTED_INCLUDE_IN_FRAMEWORK_HEADER = YES;
				CLANG_WARN_RANGE_LOOP_ANALYSIS = YES;
				CLANG_WARN_STRICT_PROTOTYPES = YES;
				CLANG_WARN_SUSPICIOUS_MOVE = YES;
				CLANG_WARN_UNGUARDED_AVAILABILITY = YES_AGGRESSIVE;
				CLANG_WARN_UNREACHABLE_CODE = YES;
				CLANG_WARN__DUPLICATE_METHOD_MATCH = YES;
				COPY_PHASE_STRIP = NO;
				DEBUG_INFORMATION_FORMAT = "dwarf-with-dsym";
				ENABLE_NS_ASSERTIONS = NO;
				ENABLE_STRICT_OBJC_MSGSEND = YES;
				GCC_C_LANGUAGE_STANDARD = gnu11;
				GCC_NO_COMMON_BLOCKS = YES;
				GCC_WARN_64_TO_32_BIT_CONVERSION = YES;
				GCC_WARN_ABOUT_RETURN_TYPE = YES_ERROR;
				GCC_WARN_UNDECLARED_SELECTOR = YES;
				GCC_WARN_UNINITIALIZED_AUTOS = YES_AGGRESSIVE;
				GCC_WARN_UNUSED_FUNCTION = YES;
				GCC_WARN_UNUSED_VARIABLE = YES;
				MTL_ENABLE_DEBUG_INFO = NO;
				MTL_FAST_MATH = YES;
				SWIFT_COMPILATION_MODE = wholemodule;
				SWIFT_OPTIMIZATION_LEVEL = "-O";
			};
			name = Release;
		};
		3B773B2726C8DF80008123DC /* Debug */ = {
			isa = XCBuildConfiguration;
			buildSettings = {
				ASSETCATALOG_COMPILER_APPICON_NAME = AppIcon;
				ASSETCATALOG_COMPILER_GLOBAL_ACCENT_COLOR_NAME = AccentColor;
				CODE_SIGN_STYLE = Automatic;
				ENABLE_BITCODE = NO;
				ENABLE_PREVIEWS = YES;
				INFOPLIST_FILE = iOS/Info.plist;
				IPHONEOS_DEPLOYMENT_TARGET = 14.0;
				LD_RUNPATH_SEARCH_PATHS = (
					"$(inherited)",
					"@executable_path/Frameworks",
				);
				PRODUCT_BUNDLE_IDENTIFIER = io.github.aakira.napier.macOS;
				PRODUCT_NAME = macOS;
				SDKROOT = iphoneos;
				SWIFT_VERSION = 5.0;
				TARGETED_DEVICE_FAMILY = "1,2";
			};
			name = Debug;
		};
		3B773B2826C8DF80008123DC /* Release */ = {
			isa = XCBuildConfiguration;
			buildSettings = {
				ASSETCATALOG_COMPILER_APPICON_NAME = AppIcon;
				ASSETCATALOG_COMPILER_GLOBAL_ACCENT_COLOR_NAME = AccentColor;
				CODE_SIGN_STYLE = Automatic;
				ENABLE_BITCODE = NO;
				ENABLE_PREVIEWS = YES;
				INFOPLIST_FILE = iOS/Info.plist;
				IPHONEOS_DEPLOYMENT_TARGET = 14.0;
				LD_RUNPATH_SEARCH_PATHS = (
					"$(inherited)",
					"@executable_path/Frameworks",
				);
				PRODUCT_BUNDLE_IDENTIFIER = io.github.aakira.napier.macOS;
				PRODUCT_NAME = macOS;
				SDKROOT = iphoneos;
				SWIFT_VERSION = 5.0;
				TARGETED_DEVICE_FAMILY = "1,2";
				VALIDATE_PRODUCT = YES;
			};
			name = Release;
		};
		3B773B2A26C8DF80008123DC /* Debug */ = {
			isa = XCBuildConfiguration;
			baseConfigurationReference = 05AAF53D4B4534B405B50C00 /* Pods-macOS (macOS).debug.xcconfig */;
			buildSettings = {
				ASSETCATALOG_COMPILER_APPICON_NAME = AppIcon;
				ASSETCATALOG_COMPILER_GLOBAL_ACCENT_COLOR_NAME = AccentColor;
				CODE_SIGN_ENTITLEMENTS = macOS/macOS.entitlements;
				CODE_SIGN_STYLE = Automatic;
				COMBINE_HIDPI_IMAGES = YES;
				ENABLE_PREVIEWS = YES;
				INFOPLIST_FILE = macOS/Info.plist;
				LD_RUNPATH_SEARCH_PATHS = (
					"$(inherited)",
					"@executable_path/../Frameworks",
				);
				MACOSX_DEPLOYMENT_TARGET = 11.0;
				PRODUCT_BUNDLE_IDENTIFIER = io.github.aakira.napier.macOS;
				PRODUCT_NAME = macOS;
				SDKROOT = macosx;
				SWIFT_VERSION = 5.0;
			};
			name = Debug;
		};
		3B773B2B26C8DF80008123DC /* Release */ = {
			isa = XCBuildConfiguration;
			baseConfigurationReference = D10652CC9753C8B4B72C2429 /* Pods-macOS (macOS).release.xcconfig */;
			buildSettings = {
				ASSETCATALOG_COMPILER_APPICON_NAME = AppIcon;
				ASSETCATALOG_COMPILER_GLOBAL_ACCENT_COLOR_NAME = AccentColor;
				CODE_SIGN_ENTITLEMENTS = macOS/macOS.entitlements;
				CODE_SIGN_STYLE = Automatic;
				COMBINE_HIDPI_IMAGES = YES;
				ENABLE_PREVIEWS = YES;
				INFOPLIST_FILE = macOS/Info.plist;
				LD_RUNPATH_SEARCH_PATHS = (
					"$(inherited)",
					"@executable_path/../Frameworks",
				);
				MACOSX_DEPLOYMENT_TARGET = 11.0;
				PRODUCT_BUNDLE_IDENTIFIER = io.github.aakira.napier.macOS;
				PRODUCT_NAME = macOS;
				SDKROOT = macosx;
				SWIFT_VERSION = 5.0;
			};
			name = Release;
		};
		3B773B2D26C8DF80008123DC /* Debug */ = {
			isa = XCBuildConfiguration;
			buildSettings = {
				ALWAYS_EMBED_SWIFT_STANDARD_LIBRARIES = YES;
				CODE_SIGN_STYLE = Automatic;
				INFOPLIST_FILE = "Tests iOS/Info.plist";
				IPHONEOS_DEPLOYMENT_TARGET = 14.2;
				LD_RUNPATH_SEARCH_PATHS = (
					"$(inherited)",
					"@executable_path/Frameworks",
					"@loader_path/Frameworks",
				);
				PRODUCT_BUNDLE_IDENTIFIER = "io.github.aakira.napier.Tests-iOS";
				PRODUCT_NAME = "$(TARGET_NAME)";
				SDKROOT = iphoneos;
				SWIFT_VERSION = 5.0;
				TARGETED_DEVICE_FAMILY = "1,2";
				TEST_TARGET_NAME = "macOS (iOS)";
			};
			name = Debug;
		};
		3B773B2E26C8DF80008123DC /* Release */ = {
			isa = XCBuildConfiguration;
			buildSettings = {
				ALWAYS_EMBED_SWIFT_STANDARD_LIBRARIES = YES;
				CODE_SIGN_STYLE = Automatic;
				INFOPLIST_FILE = "Tests iOS/Info.plist";
				IPHONEOS_DEPLOYMENT_TARGET = 14.2;
				LD_RUNPATH_SEARCH_PATHS = (
					"$(inherited)",
					"@executable_path/Frameworks",
					"@loader_path/Frameworks",
				);
				PRODUCT_BUNDLE_IDENTIFIER = "io.github.aakira.napier.Tests-iOS";
				PRODUCT_NAME = "$(TARGET_NAME)";
				SDKROOT = iphoneos;
				SWIFT_VERSION = 5.0;
				TARGETED_DEVICE_FAMILY = "1,2";
				TEST_TARGET_NAME = "macOS (iOS)";
				VALIDATE_PRODUCT = YES;
			};
			name = Release;
		};
		3B773B3026C8DF80008123DC /* Debug */ = {
			isa = XCBuildConfiguration;
			buildSettings = {
				ALWAYS_EMBED_SWIFT_STANDARD_LIBRARIES = YES;
				CODE_SIGN_STYLE = Automatic;
				COMBINE_HIDPI_IMAGES = YES;
				INFOPLIST_FILE = "Tests macOS/Info.plist";
				LD_RUNPATH_SEARCH_PATHS = (
					"$(inherited)",
					"@executable_path/../Frameworks",
					"@loader_path/../Frameworks",
				);
				MACOSX_DEPLOYMENT_TARGET = 10.15;
				PRODUCT_BUNDLE_IDENTIFIER = "io.github.aakira.napier.Tests-macOS";
				PRODUCT_NAME = "$(TARGET_NAME)";
				SDKROOT = macosx;
				SWIFT_VERSION = 5.0;
				TEST_TARGET_NAME = "macOS (macOS)";
			};
			name = Debug;
		};
		3B773B3126C8DF80008123DC /* Release */ = {
			isa = XCBuildConfiguration;
			buildSettings = {
				ALWAYS_EMBED_SWIFT_STANDARD_LIBRARIES = YES;
				CODE_SIGN_STYLE = Automatic;
				COMBINE_HIDPI_IMAGES = YES;
				INFOPLIST_FILE = "Tests macOS/Info.plist";
				LD_RUNPATH_SEARCH_PATHS = (
					"$(inherited)",
					"@executable_path/../Frameworks",
					"@loader_path/../Frameworks",
				);
				MACOSX_DEPLOYMENT_TARGET = 10.15;
				PRODUCT_BUNDLE_IDENTIFIER = "io.github.aakira.napier.Tests-macOS";
				PRODUCT_NAME = "$(TARGET_NAME)";
				SDKROOT = macosx;
				SWIFT_VERSION = 5.0;
				TEST_TARGET_NAME = "macOS (macOS)";
			};
			name = Release;
		};
/* End XCBuildConfiguration section */

/* Begin XCConfigurationList section */
		3B773AF326C8DF7E008123DC /* Build configuration list for PBXProject "macOS" */ = {
			isa = XCConfigurationList;
			buildConfigurations = (
				3B773B2426C8DF80008123DC /* Debug */,
				3B773B2526C8DF80008123DC /* Release */,
			);
			defaultConfigurationIsVisible = 0;
			defaultConfigurationName = Release;
		};
		3B773B2626C8DF80008123DC /* Build configuration list for PBXNativeTarget "macOS (iOS)" */ = {
			isa = XCConfigurationList;
			buildConfigurations = (
				3B773B2726C8DF80008123DC /* Debug */,
				3B773B2826C8DF80008123DC /* Release */,
			);
			defaultConfigurationIsVisible = 0;
			defaultConfigurationName = Release;
		};
		3B773B2926C8DF80008123DC /* Build configuration list for PBXNativeTarget "macOS (macOS)" */ = {
			isa = XCConfigurationList;
			buildConfigurations = (
				3B773B2A26C8DF80008123DC /* Debug */,
				3B773B2B26C8DF80008123DC /* Release */,
			);
			defaultConfigurationIsVisible = 0;
			defaultConfigurationName = Release;
		};
		3B773B2C26C8DF80008123DC /* Build configuration list for PBXNativeTarget "Tests iOS" */ = {
			isa = XCConfigurationList;
			buildConfigurations = (
				3B773B2D26C8DF80008123DC /* Debug */,
				3B773B2E26C8DF80008123DC /* Release */,
			);
			defaultConfigurationIsVisible = 0;
			defaultConfigurationName = Release;
		};
		3B773B2F26C8DF80008123DC /* Build configuration list for PBXNativeTarget "Tests macOS" */ = {
			isa = XCConfigurationList;
			buildConfigurations = (
				3B773B3026C8DF80008123DC /* Debug */,
				3B773B3126C8DF80008123DC /* Release */,
			);
			defaultConfigurationIsVisible = 0;
			defaultConfigurationName = Release;
		};
/* End XCConfigurationList section */
	};
	rootObject = 3B773AF026C8DF7E008123DC /* Project object */;
}
