// !$*UTF8*$!
{
	archiveVersion = 1;
	classes = {
	};
	objectVersion = 51;
	objects = {

/* Begin PBXBuildFile section */
		3DCFA34A231D677B00C2CB83 /* Common.framework in Frameworks */ = {isa = PBXBuildFile; fileRef = 3DCFA349231D677B00C2CB83 /* Common.framework */; };
		3DCFA34B231D677B00C2CB83 /* Common.framework in Embed Frameworks */ = {isa = PBXBuildFile; fileRef = 3DCFA349231D677B00C2CB83 /* Common.framework */; settings = {ATTRIBUTES = (CodeSignOnCopy, RemoveHeadersOnCopy, ); }; };
		7CFB659A22013CF600BD05FC /* AppDelegate.swift in Sources */ = {isa = PBXBuildFile; fileRef = 7CFB659922013CF600BD05FC /* AppDelegate.swift */; };
		7CFB659C22013CF600BD05FC /* ViewController.swift in Sources */ = {isa = PBXBuildFile; fileRef = 7CFB659B22013CF600BD05FC /* ViewController.swift */; };
		7CFB659F22013CF600BD05FC /* Main.storyboard in Resources */ = {isa = PBXBuildFile; fileRef = 7CFB659D22013CF600BD05FC /* Main.storyboard */; };
		7CFB65A122013CF900BD05FC /* Assets.xcassets in Resources */ = {isa = PBXBuildFile; fileRef = 7CFB65A022013CF900BD05FC /* Assets.xcassets */; };
		7CFB65A422013CF900BD05FC /* LaunchScreen.storyboard in Resources */ = {isa = PBXBuildFile; fileRef = 7CFB65A222013CF900BD05FC /* LaunchScreen.storyboard */; };
		BF2AD91FBE5AAB2210C29E3F /* Pods_Napier.framework in Frameworks */ = {isa = PBXBuildFile; fileRef = 58AED1592EB97D23885C7094 /* Pods_Napier.framework */; };
/* End PBXBuildFile section */

/* Begin PBXCopyFilesBuildPhase section */
		7CFB65CA22013D5200BD05FC /* Embed Frameworks */ = {
			isa = PBXCopyFilesBuildPhase;
			buildActionMask = 2147483647;
			dstPath = "";
			dstSubfolderSpec = 10;
			files = (
				3DCFA34B231D677B00C2CB83 /* Common.framework in Embed Frameworks */,
			);
			name = "Embed Frameworks";
			runOnlyForDeploymentPostprocessing = 0;
		};
/* End PBXCopyFilesBuildPhase section */

/* Begin PBXFileReference section */
		3DCFA349231D677B00C2CB83 /* Common.framework */ = {isa = PBXFileReference; lastKnownFileType = wrapper.framework; name = Common.framework; path = "../mpp-sample/build/bin/ios/CommonDebugFramework/Common.framework"; sourceTree = "<group>"; };
		58AED1592EB97D23885C7094 /* Pods_Napier.framework */ = {isa = PBXFileReference; explicitFileType = wrapper.framework; includeInIndex = 0; path = Pods_Napier.framework; sourceTree = BUILT_PRODUCTS_DIR; };
		7C4D387022152BC1004168BB /* GoogleService-Info.plist */ = {isa = PBXFileReference; fileEncoding = 4; lastKnownFileType = text.plist.xml; path = "GoogleService-Info.plist"; sourceTree = "<group>"; };
		7CFB659622013CF500BD05FC /* Napier.app */ = {isa = PBXFileReference; explicitFileType = wrapper.application; includeInIndex = 0; path = Napier.app; sourceTree = BUILT_PRODUCTS_DIR; };
		7CFB659922013CF600BD05FC /* AppDelegate.swift */ = {isa = PBXFileReference; lastKnownFileType = sourcecode.swift; path = AppDelegate.swift; sourceTree = "<group>"; };
		7CFB659B22013CF600BD05FC /* ViewController.swift */ = {isa = PBXFileReference; lastKnownFileType = sourcecode.swift; path = ViewController.swift; sourceTree = "<group>"; };
		7CFB659E22013CF600BD05FC /* Base */ = {isa = PBXFileReference; lastKnownFileType = file.storyboard; name = Base; path = Base.lproj/Main.storyboard; sourceTree = "<group>"; };
		7CFB65A022013CF900BD05FC /* Assets.xcassets */ = {isa = PBXFileReference; lastKnownFileType = folder.assetcatalog; path = Assets.xcassets; sourceTree = "<group>"; };
		7CFB65A322013CF900BD05FC /* Base */ = {isa = PBXFileReference; lastKnownFileType = file.storyboard; name = Base; path = Base.lproj/LaunchScreen.storyboard; sourceTree = "<group>"; };
		7CFB65A522013CF900BD05FC /* Info.plist */ = {isa = PBXFileReference; lastKnownFileType = text.plist.xml; path = Info.plist; sourceTree = "<group>"; };
		D61A7F9770E1448993A16742 /* Pods-Napier.release.xcconfig */ = {isa = PBXFileReference; includeInIndex = 1; lastKnownFileType = text.xcconfig; name = "Pods-Napier.release.xcconfig"; path = "Target Support Files/Pods-Napier/Pods-Napier.release.xcconfig"; sourceTree = "<group>"; };
		F981658ED982148E55B756CD /* Pods-Napier.debug.xcconfig */ = {isa = PBXFileReference; includeInIndex = 1; lastKnownFileType = text.xcconfig; name = "Pods-Napier.debug.xcconfig"; path = "Target Support Files/Pods-Napier/Pods-Napier.debug.xcconfig"; sourceTree = "<group>"; };
/* End PBXFileReference section */

/* Begin PBXFrameworksBuildPhase section */
		7CFB659322013CF500BD05FC /* Frameworks */ = {
			isa = PBXFrameworksBuildPhase;
			buildActionMask = 2147483647;
			files = (
				BF2AD91FBE5AAB2210C29E3F /* Pods_Napier.framework in Frameworks */,
				3DCFA34A231D677B00C2CB83 /* Common.framework in Frameworks */,
			);
			runOnlyForDeploymentPostprocessing = 0;
		};
/* End PBXFrameworksBuildPhase section */

/* Begin PBXGroup section */
		022CFAFC3CF1BE7D2DE9C3FB /* Frameworks */ = {
			isa = PBXGroup;
			children = (
				58AED1592EB97D23885C7094 /* Pods_Napier.framework */,
			);
			name = Frameworks;
			sourceTree = "<group>";
		};
		10E92F91406E001698737DB9 /* Pods */ = {
			isa = PBXGroup;
			children = (
				F981658ED982148E55B756CD /* Pods-Napier.debug.xcconfig */,
				D61A7F9770E1448993A16742 /* Pods-Napier.release.xcconfig */,
			);
			path = Pods;
			sourceTree = "<group>";
		};
		7CFB658D22013CF500BD05FC = {
			isa = PBXGroup;
			children = (
				3DCFA349231D677B00C2CB83 /* Common.framework */,
				7CFB659822013CF500BD05FC /* Napier */,
				7CFB659722013CF500BD05FC /* Products */,
				10E92F91406E001698737DB9 /* Pods */,
				022CFAFC3CF1BE7D2DE9C3FB /* Frameworks */,
			);
			sourceTree = "<group>";
		};
		7CFB659722013CF500BD05FC /* Products */ = {
			isa = PBXGroup;
			children = (
				7CFB659622013CF500BD05FC /* Napier.app */,
			);
			name = Products;
			sourceTree = "<group>";
		};
		7CFB659822013CF500BD05FC /* Napier */ = {
			isa = PBXGroup;
			children = (
				7C4D387022152BC1004168BB /* GoogleService-Info.plist */,
				7CFB659922013CF600BD05FC /* AppDelegate.swift */,
				7CFB659B22013CF600BD05FC /* ViewController.swift */,
				7CFB659D22013CF600BD05FC /* Main.storyboard */,
				7CFB65A022013CF900BD05FC /* Assets.xcassets */,
				7CFB65A222013CF900BD05FC /* LaunchScreen.storyboard */,
				7CFB65A522013CF900BD05FC /* Info.plist */,
			);
			path = Napier;
			sourceTree = "<group>";
		};
/* End PBXGroup section */

/* Begin PBXNativeTarget section */
		7CFB659522013CF500BD05FC /* Napier */ = {
			isa = PBXNativeTarget;
			buildConfigurationList = 7CFB65BE22013CF900BD05FC /* Build configuration list for PBXNativeTarget "Napier" */;
			buildPhases = (
				CEA005C3CA48429622CB1649 /* [CP] Check Pods Manifest.lock */,
				7CFB65CB22013DC300BD05FC /* Kotlin/Native */,
				7CFB659222013CF500BD05FC /* Sources */,
				7CFB659322013CF500BD05FC /* Frameworks */,
				7CFB659422013CF500BD05FC /* Resources */,
				7CFB65CA22013D5200BD05FC /* Embed Frameworks */,
				7C44D7BC221548AD002EEF8F /* Crashlytics */,
				7196B5FCD8247707AAB55298 /* [CP] Embed Pods Frameworks */,
			);
			buildRules = (
			);
			dependencies = (
			);
			name = Napier;
			productName = Napier;
			productReference = 7CFB659622013CF500BD05FC /* Napier.app */;
			productType = "com.apple.product-type.application";
		};
/* End PBXNativeTarget section */

/* Begin PBXProject section */
		7CFB658E22013CF500BD05FC /* Project object */ = {
			isa = PBXProject;
			attributes = {
				LastSwiftUpdateCheck = 1010;
				LastUpgradeCheck = 1010;
				ORGANIZATIONNAME = AAkira;
				TargetAttributes = {
					7CFB659522013CF500BD05FC = {
						CreatedOnToolsVersion = 10.1;
					};
				};
			};
			buildConfigurationList = 7CFB659122013CF500BD05FC /* Build configuration list for PBXProject "Napier" */;
			compatibilityVersion = "Xcode 9.3";
			developmentRegion = en;
			hasScannedForEncodings = 0;
			knownRegions = (
				en,
				Base,
			);
			mainGroup = 7CFB658D22013CF500BD05FC;
			productRefGroup = 7CFB659722013CF500BD05FC /* Products */;
			projectDirPath = "";
			projectRoot = "";
			targets = (
				7CFB659522013CF500BD05FC /* Napier */,
			);
		};
/* End PBXProject section */

/* Begin PBXResourcesBuildPhase section */
		7CFB659422013CF500BD05FC /* Resources */ = {
			isa = PBXResourcesBuildPhase;
			buildActionMask = 2147483647;
			files = (
				7CFB65A422013CF900BD05FC /* LaunchScreen.storyboard in Resources */,
				7CFB65A122013CF900BD05FC /* Assets.xcassets in Resources */,
				7CFB659F22013CF600BD05FC /* Main.storyboard in Resources */,
			);
			runOnlyForDeploymentPostprocessing = 0;
		};
/* End PBXResourcesBuildPhase section */

/* Begin PBXShellScriptBuildPhase section */
		7196B5FCD8247707AAB55298 /* [CP] Embed Pods Frameworks */ = {
			isa = PBXShellScriptBuildPhase;
			buildActionMask = 2147483647;
			files = (
			);
			inputFileListPaths = (
				"${PODS_ROOT}/Target Support Files/Pods-Napier/Pods-Napier-frameworks-${CONFIGURATION}-input-files.xcfilelist",
			);
			name = "[CP] Embed Pods Frameworks";
			outputFileListPaths = (
				"${PODS_ROOT}/Target Support Files/Pods-Napier/Pods-Napier-frameworks-${CONFIGURATION}-output-files.xcfilelist",
			);
			runOnlyForDeploymentPostprocessing = 0;
			shellPath = /bin/sh;
			shellScript = "\"${PODS_ROOT}/Target Support Files/Pods-Napier/Pods-Napier-frameworks.sh\"\n";
			showEnvVarsInLog = 0;
		};
		7C44D7BC221548AD002EEF8F /* Crashlytics */ = {
			isa = PBXShellScriptBuildPhase;
			buildActionMask = 2147483647;
			files = (
			);
			inputFileListPaths = (
			);
			inputPaths = (
				"$(BUILT_PRODUCTS_DIR)/$(INFOPLIST_PATH)",
			);
			name = Crashlytics;
			outputFileListPaths = (
			);
			outputPaths = (
			);
			runOnlyForDeploymentPostprocessing = 0;
			shellPath = /bin/sh;
			shellScript = "\"${PODS_ROOT}/Fabric/run\"\n";
		};
		7CFB65CB22013DC300BD05FC /* Kotlin/Native */ = {
			isa = PBXShellScriptBuildPhase;
			buildActionMask = 2147483647;
			files = (
			);
			inputFileListPaths = (
			);
			inputPaths = (
			);
			name = Kotlin/Native;
			outputFileListPaths = (
			);
			outputPaths = (
			);
			runOnlyForDeploymentPostprocessing = 0;
			shellPath = /bin/sh;
			shellScript = "cd $SRCROOT/..\n./gradlew :mpp-sample:packForXcode -PXCODE_CONFIGURATION=${CONFIGURATION}\n";
		};
		CEA005C3CA48429622CB1649 /* [CP] Check Pods Manifest.lock */ = {
			isa = PBXShellScriptBuildPhase;
			buildActionMask = 2147483647;
			files = (
			);
			inputFileListPaths = (
			);
			inputPaths = (
				"${PODS_PODFILE_DIR_PATH}/Podfile.lock",
				"${PODS_ROOT}/Manifest.lock",
			);
			name = "[CP] Check Pods Manifest.lock";
			outputFileListPaths = (
			);
			outputPaths = (
				"$(DERIVED_FILE_DIR)/Pods-Napier-checkManifestLockResult.txt",
			);
			runOnlyForDeploymentPostprocessing = 0;
			shellPath = /bin/sh;
			shellScript = "diff \"${PODS_PODFILE_DIR_PATH}/Podfile.lock\" \"${PODS_ROOT}/Manifest.lock\" > /dev/null\nif [ $? != 0 ] ; then\n    # print error to STDERR\n    echo \"error: The sandbox is not in sync with the Podfile.lock. Run 'pod install' or update your CocoaPods installation.\" >&2\n    exit 1\nfi\n# This output is used by Xcode 'outputs' to avoid re-running this script phase.\necho \"SUCCESS\" > \"${SCRIPT_OUTPUT_FILE_0}\"\n";
			showEnvVarsInLog = 0;
		};
/* End PBXShellScriptBuildPhase section */

/* Begin PBXSourcesBuildPhase section */
		7CFB659222013CF500BD05FC /* Sources */ = {
			isa = PBXSourcesBuildPhase;
			buildActionMask = 2147483647;
			files = (
				7CFB659C22013CF600BD05FC /* ViewController.swift in Sources */,
				7CFB659A22013CF600BD05FC /* AppDelegate.swift in Sources */,
			);
			runOnlyForDeploymentPostprocessing = 0;
		};
/* End PBXSourcesBuildPhase section */

/* Begin PBXVariantGroup section */
		7CFB659D22013CF600BD05FC /* Main.storyboard */ = {
			isa = PBXVariantGroup;
			children = (
				7CFB659E22013CF600BD05FC /* Base */,
			);
			name = Main.storyboard;
			sourceTree = "<group>";
		};
		7CFB65A222013CF900BD05FC /* LaunchScreen.storyboard */ = {
			isa = PBXVariantGroup;
			children = (
				7CFB65A322013CF900BD05FC /* Base */,
			);
			name = LaunchScreen.storyboard;
			sourceTree = "<group>";
		};
/* End PBXVariantGroup section */

/* Begin XCBuildConfiguration section */
		7CFB65BC22013CF900BD05FC /* Debug */ = {
			isa = XCBuildConfiguration;
			buildSettings = {
				ALWAYS_SEARCH_USER_PATHS = NO;
				CLANG_ANALYZER_NONNULL = YES;
				CLANG_ANALYZER_NUMBER_OBJECT_CONVERSION = YES_AGGRESSIVE;
				CLANG_CXX_LANGUAGE_STANDARD = "gnu++14";
				CLANG_CXX_LIBRARY = "libc++";
				CLANG_ENABLE_MODULES = YES;
				CLANG_ENABLE_OBJC_ARC = YES;
				CLANG_ENABLE_OBJC_WEAK = YES;
				CLANG_WARN_BLOCK_CAPTURE_AUTORELEASING = YES;
				CLANG_WARN_BOOL_CONVERSION = YES;
				CLANG_WARN_COMMA = YES;
				CLANG_WARN_CONSTANT_CONVERSION = YES;
				CLANG_WARN_DEPRECATED_OBJC_IMPLEMENTATIONS = YES;
				CLANG_WARN_DIRECT_OBJC_ISA_USAGE = YES_ERROR;
				CLANG_WARN_DOCUMENTATION_COMMENTS = YES;
				CLANG_WARN_EMPTY_BODY = YES;
				CLANG_WARN_ENUM_CONVERSION = YES;
				CLANG_WARN_INFINITE_RECURSION = YES;
				CLANG_WARN_INT_CONVERSION = YES;
				CLANG_WARN_NON_LITERAL_NULL_CONVERSION = YES;
				CLANG_WARN_OBJC_IMPLICIT_RETAIN_SELF = YES;
				CLANG_WARN_OBJC_LITERAL_CONVERSION = YES;
				CLANG_WARN_OBJC_ROOT_CLASS = YES_ERROR;
				CLANG_WARN_RANGE_LOOP_ANALYSIS = YES;
				CLANG_WARN_STRICT_PROTOTYPES = YES;
				CLANG_WARN_SUSPICIOUS_MOVE = YES;
				CLANG_WARN_UNGUARDED_AVAILABILITY = YES_AGGRESSIVE;
				CLANG_WARN_UNREACHABLE_CODE = YES;
				CLANG_WARN__DUPLICATE_METHOD_MATCH = YES;
				CODE_SIGN_IDENTITY = "iPhone Developer";
				COPY_PHASE_STRIP = NO;
				DEBUG_INFORMATION_FORMAT = dwarf;
				ENABLE_STRICT_OBJC_MSGSEND = YES;
				ENABLE_TESTABILITY = YES;
				GCC_C_LANGUAGE_STANDARD = gnu11;
				GCC_DYNAMIC_NO_PIC = NO;
				GCC_NO_COMMON_BLOCKS = YES;
				GCC_OPTIMIZATION_LEVEL = 0;
				GCC_PREPROCESSOR_DEFINITIONS = (
					"DEBUG=1",
					"$(inherited)",
				);
				GCC_WARN_64_TO_32_BIT_CONVERSION = YES;
				GCC_WARN_ABOUT_RETURN_TYPE = YES_ERROR;
				GCC_WARN_UNDECLARED_SELECTOR = YES;
				GCC_WARN_UNINITIALIZED_AUTOS = YES_AGGRESSIVE;
				GCC_WARN_UNUSED_FUNCTION = YES;
				GCC_WARN_UNUSED_VARIABLE = YES;
				IPHONEOS_DEPLOYMENT_TARGET = 12.1;
				MTL_ENABLE_DEBUG_INFO = INCLUDE_SOURCE;
				MTL_FAST_MATH = YES;
				ONLY_ACTIVE_ARCH = YES;
				PODS_ROOT = "${SRCROOT}/Pods";
				SDKROOT = iphoneos;
				SWIFT_ACTIVE_COMPILATION_CONDITIONS = DEBUG;
				SWIFT_OPTIMIZATION_LEVEL = "-Onone";
			};
			name = Debug;
		};
		7CFB65BD22013CF900BD05FC /* Release */ = {
			isa = XCBuildConfiguration;
			buildSettings = {
				ALWAYS_SEARCH_USER_PATHS = NO;
				CLANG_ANALYZER_NONNULL = YES;
				CLANG_ANALYZER_NUMBER_OBJECT_CONVERSION = YES_AGGRESSIVE;
				CLANG_CXX_LANGUAGE_STANDARD = "gnu++14";
				CLANG_CXX_LIBRARY = "libc++";
				CLANG_ENABLE_MODULES = YES;
				CLANG_ENABLE_OBJC_ARC = YES;
				CLANG_ENABLE_OBJC_WEAK = YES;
				CLANG_WARN_BLOCK_CAPTURE_AUTORELEASING = YES;
				CLANG_WARN_BOOL_CONVERSION = YES;
				CLANG_WARN_COMMA = YES;
				CLANG_WARN_CONSTANT_CONVERSION = YES;
				CLANG_WARN_DEPRECATED_OBJC_IMPLEMENTATIONS = YES;
				CLANG_WARN_DIRECT_OBJC_ISA_USAGE = YES_ERROR;
				CLANG_WARN_DOCUMENTATION_COMMENTS = YES;
				CLANG_WARN_EMPTY_BODY = YES;
				CLANG_WARN_ENUM_CONVERSION = YES;
				CLANG_WARN_INFINITE_RECURSION = YES;
				CLANG_WARN_INT_CONVERSION = YES;
				CLANG_WARN_NON_LITERAL_NULL_CONVERSION = YES;
				CLANG_WARN_OBJC_IMPLICIT_RETAIN_SELF = YES;
				CLANG_WARN_OBJC_LITERAL_CONVERSION = YES;
				CLANG_WARN_OBJC_ROOT_CLASS = YES_ERROR;
				CLANG_WARN_RANGE_LOOP_ANALYSIS = YES;
				CLANG_WARN_STRICT_PROTOTYPES = YES;
				CLANG_WARN_SUSPICIOUS_MOVE = YES;
				CLANG_WARN_UNGUARDED_AVAILABILITY = YES_AGGRESSIVE;
				CLANG_WARN_UNREACHABLE_CODE = YES;
				CLANG_WARN__DUPLICATE_METHOD_MATCH = YES;
				CODE_SIGN_IDENTITY = "iPhone Developer";
				COPY_PHASE_STRIP = NO;
				DEBUG_INFORMATION_FORMAT = "dwarf-with-dsym";
				ENABLE_NS_ASSERTIONS = NO;
				ENABLE_STRICT_OBJC_MSGSEND = YES;
				GCC_C_LANGUAGE_STANDARD = gnu11;
				GCC_NO_COMMON_BLOCKS = YES;
				GCC_WARN_64_TO_32_BIT_CONVERSION = YES;
				GCC_WARN_ABOUT_RETURN_TYPE = YES_ERROR;
				GCC_WARN_UNDECLARED_SELECTOR = YES;
				GCC_WARN_UNINITIALIZED_AUTOS = YES_AGGRESSIVE;
				GCC_WARN_UNUSED_FUNCTION = YES;
				GCC_WARN_UNUSED_VARIABLE = YES;
				IPHONEOS_DEPLOYMENT_TARGET = 12.1;
				MTL_ENABLE_DEBUG_INFO = NO;
				MTL_FAST_MATH = YES;
				PODS_ROOT = "${SRCROOT}/Pods";
				SDKROOT = iphoneos;
				SWIFT_COMPILATION_MODE = wholemodule;
				SWIFT_OPTIMIZATION_LEVEL = "-O";
				VALIDATE_PRODUCT = YES;
			};
			name = Release;
		};
		7CFB65BF22013CF900BD05FC /* Debug */ = {
			isa = XCBuildConfiguration;
			baseConfigurationReference = F981658ED982148E55B756CD /* Pods-Napier.debug.xcconfig */;
			buildSettings = {
				ASSETCATALOG_COMPILER_APPICON_NAME = AppIcon;
				CODE_SIGN_STYLE = Automatic;
				DEBUG_INFORMATION_FORMAT = "dwarf-with-dsym";
				ENABLE_BITCODE = NO;
				FRAMEWORK_SEARCH_PATHS = (
					"$SRCROOT/../mpp-sample/build/bin/ios/CommonDebugFramework",
					"$(inherited)",
				);
				INFOPLIST_FILE = Napier/Info.plist;
				LD_RUNPATH_SEARCH_PATHS = (
					"$(inherited)",
					"@executable_path/Frameworks",
				);
				PRODUCT_BUNDLE_IDENTIFIER = com.github.aakira.Napier;
				PRODUCT_NAME = "$(TARGET_NAME)";
				SWIFT_VERSION = 4.2;
				TARGETED_DEVICE_FAMILY = "1,2";
			};
			name = Debug;
		};
		7CFB65C022013CF900BD05FC /* Release */ = {
			isa = XCBuildConfiguration;
			baseConfigurationReference = D61A7F9770E1448993A16742 /* Pods-Napier.release.xcconfig */;
			buildSettings = {
				ASSETCATALOG_COMPILER_APPICON_NAME = AppIcon;
				CODE_SIGN_STYLE = Automatic;
				ENABLE_BITCODE = NO;
				FRAMEWORK_SEARCH_PATHS = (
					"$SRCROOT/../mpp-sample/build/bin/ios/CommonReleaseFramework",
					"$(inherited)",
				);
				INFOPLIST_FILE = Napier/Info.plist;
				LD_RUNPATH_SEARCH_PATHS = (
					"$(inherited)",
					"@executable_path/Frameworks",
				);
				PRODUCT_BUNDLE_IDENTIFIER = com.github.aakira.Napier;
				PRODUCT_NAME = "$(TARGET_NAME)";
				SWIFT_VERSION = 4.2;
				TARGETED_DEVICE_FAMILY = "1,2";
			};
			name = Release;
		};
/* End XCBuildConfiguration section */

/* Begin XCConfigurationList section */
		7CFB659122013CF500BD05FC /* Build configuration list for PBXProject "Napier" */ = {
			isa = XCConfigurationList;
			buildConfigurations = (
				7CFB65BC22013CF900BD05FC /* Debug */,
				7CFB65BD22013CF900BD05FC /* Release */,
			);
			defaultConfigurationIsVisible = 0;
			defaultConfigurationName = Release;
		};
		7CFB65BE22013CF900BD05FC /* Build configuration list for PBXNativeTarget "Napier" */ = {
			isa = XCConfigurationList;
			buildConfigurations = (
				7CFB65BF22013CF900BD05FC /* Debug */,
				7CFB65C022013CF900BD05FC /* Release */,
			);
			defaultConfigurationIsVisible = 0;
			defaultConfigurationName = Release;
		};
/* End XCConfigurationList section */
	};
	rootObject = 7CFB658E22013CF500BD05FC /* Project object */;
}
