PODS:
  - Firebase/CoreOnly (7.10.0):
    - FirebaseCore (= 7.10.0)
  - Firebase/Crashlytics (7.10.0):
    - Firebase/CoreOnly
    - FirebaseCrashlytics (~> 7.10.0)
  - FirebaseCore (7.10.0):
    - FirebaseCoreDiagnostics (~> 7.4)
    - GoogleUtilities/Environment (~> 7.0)
    - GoogleUtilities/Logger (~> 7.0)
  - FirebaseCoreDiagnostics (7.10.0):
    - GoogleDataTransport (~> 8.4)
    - GoogleUtilities/Environment (~> 7.0)
    - GoogleUtilities/Logger (~> 7.0)
    - nanopb (~> 2.30908.0)
  - FirebaseCrashlytics (7.10.0):
    - FirebaseCore (~> 7.0)
    - FirebaseInstallations (~> 7.0)
    - GoogleDataTransport (~> 8.4)
    - nanopb (~> 2.30908.0)
    - PromisesObjC (~> 1.2)
  - FirebaseInstallations (7.10.0):
    - FirebaseCore (~> 7.0)
    - GoogleUtilities/Environment (~> 7.0)
    - GoogleUtilities/UserDefaults (~> 7.0)
    - PromisesObjC (~> 1.2)
  - GoogleDataTransport (8.4.0):
    - GoogleUtilities/Environment (~> 7.2)
    - nanopb (~> 2.30908.0)
    - PromisesObjC (~> 1.2)
  - GoogleUtilities/Environment (7.3.1):
    - PromisesObjC (~> 1.2)
  - GoogleUtilities/Logger (7.3.1):
    - GoogleUtilities/Environment
  - GoogleUtilities/UserDefaults (7.3.1):
    - GoogleUtilities/Logger
  - nanopb (2.30908.0):
    - nanopb/decode (= 2.30908.0)
    - nanopb/encode (= 2.30908.0)
  - nanopb/decode (2.30908.0)
  - nanopb/encode (2.30908.0)
  - PromisesObjC (1.2.12)

DEPENDENCIES:
  - Firebase/Crashlytics

SPEC REPOS:
  trunk:
    - Firebase
    - FirebaseCore
    - FirebaseCoreDiagnostics
    - FirebaseCrashlytics
    - FirebaseInstallations
    - GoogleDataTransport
    - GoogleUtilities
    - nanopb
    - PromisesObjC

SPEC CHECKSUMS:
  Firebase: fffddd0bab8677d07376538365faa93ff3889b39
  FirebaseCore: ec566d917b2195fc2610aeb148dae99f57a788f9
  FirebaseCoreDiagnostics: 5662a3823ffcc0acbaa9a21ba5ed302fac634705
  FirebaseCrashlytics: e7669d368a22d202f1d0c7546ffdfdff496e1a8c
  FirebaseInstallations: bf2ec8dbf36ff4c91af6b9a003d15855757680c1
  GoogleDataTransport: cd9db2180fcecd8da1b561aea31e3e56cf834aa7
  GoogleUtilities: e1d9ed4e544fc32a93e00e721400cbc3f377200d
  nanopb: a0ba3315591a9ae0a16a309ee504766e90db0c96
  PromisesObjC: 3113f7f76903778cf4a0586bd1ab89329a0b7b97

PODFILE CHECKSUM: 2822d85bb609b66f886d949716d5f863dc426322

COCOAPODS: 1.10.0
